
Microsoft Visual Studio Solution File, Format Version 12.00
# Visual Studio 14
VisualStudioVersion = 14.0.25123.0
MinimumVisualStudioVersion = 10.0.40219.1
Project("{FAE04EC0-301F-11D3-BF4B-00C04F79EFBC}") = "ProjectEuler", "ProjectEuler\ProjectEuler.csproj", "{FEDA9131-5F5A-47BB-B50A-98397D6E7568}"
EndProject
Project("{FAE04EC0-301F-11D3-BF4B-00C04F79EFBC}") = "ProjectEulerTests", "ProjectEulerTests\ProjectEulerTests.csproj", "{0AC50022-926B-4335-99FB-8B381471790B}"
EndProject
Global
	GlobalSection(SolutionConfigurationPlatforms) = preSolution
		Debug|Any CPU = Debug|Any CPU
		Release|Any CPU = Release|Any CPU
	EndGlobalSection
	GlobalSection(ProjectConfigurationPlatforms) = postSolution
		{FEDA9131-5F5A-47BB-B50A-98397D6E7568}.Debug|Any CPU.ActiveCfg = Debug|Any CPU
		{FEDA9131-5F5A-47BB-B50A-98397D6E7568}.Debug|Any CPU.Build.0 = Debug|Any CPU
		{FEDA9131-5F5A-47BB-B50A-98397D6E7568}.Release|Any CPU.ActiveCfg = Release|Any CPU
		{FEDA9131-5F5A-47BB-B50A-98397D6E7568}.Release|Any CPU.Build.0 = Release|Any CPU
		{0AC50022-926B-4335-99FB-8B381471790B}.Debug|Any CPU.ActiveCfg = Debug|Any CPU
		{0AC50022-926B-4335-99FB-8B381471790B}.Debug|Any CPU.Build.0 = Debug|Any CPU
		{0AC50022-926B-4335-99FB-8B381471790B}.Release|Any CPU.ActiveCfg = Release|Any CPU
		{0AC50022-926B-4335-99FB-8B381471790B}.Release|Any CPU.Build.0 = Release|Any CPU
	EndGlobalSection
	GlobalSection(SolutionProperties) = preSolution
		HideSolutionNode = FALSE
	EndGlobalSection
EndGlobal
